// !$*UTF8*$!
{
	archiveVersion = 1;
	classes = {
	};
	objectVersion = 56;
	objects = {

/* Begin PBXBuildFile section */
		56A9987E2AF6730E000D5C99 /* TimeSettingTextField.swift in Sources */ = {isa = PBXBuildFile; fileRef = 56A9987D2AF6730E000D5C99 /* TimeSettingTextField.swift */; };
		56A998802AF6799A000D5C99 /* TimeSettingPicker.swift in Sources */ = {isa = PBXBuildFile; fileRef = 56A9987F2AF6799A000D5C99 /* TimeSettingPicker.swift */; };
		56A998842AF68D88000D5C99 /* TimeSettingInput.swift in Sources */ = {isa = PBXBuildFile; fileRef = 56A998832AF68D88000D5C99 /* TimeSettingInput.swift */; };
		56AF0AD92AE892B5009AF8A2 /* TimerApp.swift in Sources */ = {isa = PBXBuildFile; fileRef = 56AF0AD82AE892B5009AF8A2 /* TimerApp.swift */; };
		56AF0ADB2AE892B5009AF8A2 /* ContentView.swift in Sources */ = {isa = PBXBuildFile; fileRef = 56AF0ADA2AE892B5009AF8A2 /* ContentView.swift */; };
		56AF0ADD2AE892B8009AF8A2 /* Assets.xcassets in Resources */ = {isa = PBXBuildFile; fileRef = 56AF0ADC2AE892B8009AF8A2 /* Assets.xcassets */; };
		56AF0AE02AE892B8009AF8A2 /* Preview Assets.xcassets in Resources */ = {isa = PBXBuildFile; fileRef = 56AF0ADF2AE892B8009AF8A2 /* Preview Assets.xcassets */; };
		56AF0AE82AE89B51009AF8A2 /* Movements.swift in Sources */ = {isa = PBXBuildFile; fileRef = 56AF0AE72AE89B51009AF8A2 /* Movements.swift */; };
		56AF0AEA2AE8A867009AF8A2 /* MovementsViewModel.swift in Sources */ = {isa = PBXBuildFile; fileRef = 56AF0AE92AE8A867009AF8A2 /* MovementsViewModel.swift */; };
		56AF0AEC2AE8B08B009AF8A2 /* TmpTimeView.swift in Sources */ = {isa = PBXBuildFile; fileRef = 56AF0AEB2AE8B08B009AF8A2 /* TmpTimeView.swift */; };
		56AF0AEE2AE8D198009AF8A2 /* WodView.swift in Sources */ = {isa = PBXBuildFile; fileRef = 56AF0AED2AE8D198009AF8A2 /* WodView.swift */; };
		56AF0AF02AE9606F009AF8A2 /* TimeSettingView.swift in Sources */ = {isa = PBXBuildFile; fileRef = 56AF0AEF2AE9606F009AF8A2 /* TimeSettingView.swift */; };
		56AF0AF22AE9F4B3009AF8A2 /* RealTimeView.swift in Sources */ = {isa = PBXBuildFile; fileRef = 56AF0AF12AE9F4B3009AF8A2 /* RealTimeView.swift */; };
		56AF0AF42AEA05EB009AF8A2 /* StopWatchModel.swift in Sources */ = {isa = PBXBuildFile; fileRef = 56AF0AF32AEA05EB009AF8A2 /* StopWatchModel.swift */; };
		56AF0AFA2AEA35CE009AF8A2 /* CommonButton.swift in Sources */ = {isa = PBXBuildFile; fileRef = 56AF0AF92AEA35CE009AF8A2 /* CommonButton.swift */; };
		56AF0AFC2AEA3E95009AF8A2 /* PlayButton.swift in Sources */ = {isa = PBXBuildFile; fileRef = 56AF0AFB2AEA3E95009AF8A2 /* PlayButton.swift */; };
		56AF0AFE2AEA4294009AF8A2 /* StopWatchView.swift in Sources */ = {isa = PBXBuildFile; fileRef = 56AF0AFD2AEA4294009AF8A2 /* StopWatchView.swift */; };
		56AF0B002AEA4955009AF8A2 /* RecordButton.swift in Sources */ = {isa = PBXBuildFile; fileRef = 56AF0AFF2AEA4955009AF8A2 /* RecordButton.swift */; };
		56AF0B262AEB5B72009AF8A2 /* TimerNaviView.swift in Sources */ = {isa = PBXBuildFile; fileRef = 56AF0B252AEB5B72009AF8A2 /* TimerNaviView.swift */; };
		56AF0B292AEB5CEA009AF8A2 /* WodInterView.swift in Sources */ = {isa = PBXBuildFile; fileRef = 56AF0B282AEB5CEA009AF8A2 /* WodInterView.swift */; };
		56AF0B2B2AEB5D66009AF8A2 /* ProfileView.swift in Sources */ = {isa = PBXBuildFile; fileRef = 56AF0B2A2AEB5D66009AF8A2 /* ProfileView.swift */; };
		56AF0B2D2AEB5DEB009AF8A2 /* PassivityView.swift in Sources */ = {isa = PBXBuildFile; fileRef = 56AF0B2C2AEB5DEB009AF8A2 /* PassivityView.swift */; };
		56AF0B2F2AEB5E8F009AF8A2 /* TabbedItems.swift in Sources */ = {isa = PBXBuildFile; fileRef = 56AF0B2E2AEB5E8F009AF8A2 /* TabbedItems.swift */; };
		56AF0B312AEB5F16009AF8A2 /* MainView.swift in Sources */ = {isa = PBXBuildFile; fileRef = 56AF0B302AEB5F16009AF8A2 /* MainView.swift */; };
		56AF0B352AEB763E009AF8A2 /* WodInterModel.swift in Sources */ = {isa = PBXBuildFile; fileRef = 56AF0B342AEB763E009AF8A2 /* WodInterModel.swift */; };
		56AF0B3F2AEB9B94009AF8A2 /* WodInterViewModel.swift in Sources */ = {isa = PBXBuildFile; fileRef = 56AF0B3E2AEB9B94009AF8A2 /* WodInterViewModel.swift */; };
		56AF0B412AEB9C33009AF8A2 /* StopWatchViewModel.swift in Sources */ = {isa = PBXBuildFile; fileRef = 56AF0B402AEB9C33009AF8A2 /* StopWatchViewModel.swift */; };
		56AF0B452AEBA5AA009AF8A2 /* InputModel.swift in Sources */ = {isa = PBXBuildFile; fileRef = 56AF0B442AEBA5AA009AF8A2 /* InputModel.swift */; };
		56AF0B4D2AED4719009AF8A2 /* SimpleModel.swift in Sources */ = {isa = PBXBuildFile; fileRef = 56AF0B4C2AED4719009AF8A2 /* SimpleModel.swift */; };
/* End PBXBuildFile section */

/* Begin PBXFileReference section */
		56A9987D2AF6730E000D5C99 /* TimeSettingTextField.swift */ = {isa = PBXFileReference; lastKnownFileType = sourcecode.swift; path = TimeSettingTextField.swift; sourceTree = "<group>"; };
		56A9987F2AF6799A000D5C99 /* TimeSettingPicker.swift */ = {isa = PBXFileReference; lastKnownFileType = sourcecode.swift; path = TimeSettingPicker.swift; sourceTree = "<group>"; };
		56A998832AF68D88000D5C99 /* TimeSettingInput.swift */ = {isa = PBXFileReference; lastKnownFileType = sourcecode.swift; path = TimeSettingInput.swift; sourceTree = "<group>"; };
		56AF0AD52AE892B5009AF8A2 /* Timer.app */ = {isa = PBXFileReference; explicitFileType = wrapper.application; includeInIndex = 0; path = Timer.app; sourceTree = BUILT_PRODUCTS_DIR; };
		56AF0AD82AE892B5009AF8A2 /* TimerApp.swift */ = {isa = PBXFileReference; lastKnownFileType = sourcecode.swift; path = TimerApp.swift; sourceTree = "<group>"; };
		56AF0ADA2AE892B5009AF8A2 /* ContentView.swift */ = {isa = PBXFileReference; lastKnownFileType = sourcecode.swift; path = ContentView.swift; sourceTree = "<group>"; };
		56AF0ADC2AE892B8009AF8A2 /* Assets.xcassets */ = {isa = PBXFileReference; lastKnownFileType = folder.assetcatalog; path = Assets.xcassets; sourceTree = "<group>"; };
		56AF0ADF2AE892B8009AF8A2 /* Preview Assets.xcassets */ = {isa = PBXFileReference; lastKnownFileType = folder.assetcatalog; path = "Preview Assets.xcassets"; sourceTree = "<group>"; };
		56AF0AE62AE89A29009AF8A2 /* Info.plist */ = {isa = PBXFileReference; lastKnownFileType = text.plist; path = Info.plist; sourceTree = "<group>"; };
		56AF0AE72AE89B51009AF8A2 /* Movements.swift */ = {isa = PBXFileReference; lastKnownFileType = sourcecode.swift; path = Movements.swift; sourceTree = "<group>"; };
		56AF0AE92AE8A867009AF8A2 /* MovementsViewModel.swift */ = {isa = PBXFileReference; lastKnownFileType = sourcecode.swift; path = MovementsViewModel.swift; sourceTree = "<group>"; };
		56AF0AEB2AE8B08B009AF8A2 /* TmpTimeView.swift */ = {isa = PBXFileReference; lastKnownFileType = sourcecode.swift; path = TmpTimeView.swift; sourceTree = "<group>"; };
		56AF0AED2AE8D198009AF8A2 /* WodView.swift */ = {isa = PBXFileReference; lastKnownFileType = sourcecode.swift; path = WodView.swift; sourceTree = "<group>"; };
		56AF0AEF2AE9606F009AF8A2 /* TimeSettingView.swift */ = {isa = PBXFileReference; lastKnownFileType = sourcecode.swift; path = TimeSettingView.swift; sourceTree = "<group>"; };
		56AF0AF12AE9F4B3009AF8A2 /* RealTimeView.swift */ = {isa = PBXFileReference; lastKnownFileType = sourcecode.swift; path = RealTimeView.swift; sourceTree = "<group>"; };
		56AF0AF32AEA05EB009AF8A2 /* StopWatchModel.swift */ = {isa = PBXFileReference; lastKnownFileType = sourcecode.swift; path = StopWatchModel.swift; sourceTree = "<group>"; };
		56AF0AF92AEA35CE009AF8A2 /* CommonButton.swift */ = {isa = PBXFileReference; lastKnownFileType = sourcecode.swift; path = CommonButton.swift; sourceTree = "<group>"; };
		56AF0AFB2AEA3E95009AF8A2 /* PlayButton.swift */ = {isa = PBXFileReference; lastKnownFileType = sourcecode.swift; path = PlayButton.swift; sourceTree = "<group>"; };
		56AF0AFD2AEA4294009AF8A2 /* StopWatchView.swift */ = {isa = PBXFileReference; lastKnownFileType = sourcecode.swift; path = StopWatchView.swift; sourceTree = "<group>"; };
		56AF0AFF2AEA4955009AF8A2 /* RecordButton.swift */ = {isa = PBXFileReference; lastKnownFileType = sourcecode.swift; path = RecordButton.swift; sourceTree = "<group>"; };
		56AF0B252AEB5B72009AF8A2 /* TimerNaviView.swift */ = {isa = PBXFileReference; lastKnownFileType = sourcecode.swift; path = TimerNaviView.swift; sourceTree = "<group>"; };
		56AF0B282AEB5CEA009AF8A2 /* WodInterView.swift */ = {isa = PBXFileReference; lastKnownFileType = sourcecode.swift; path = WodInterView.swift; sourceTree = "<group>"; };
		56AF0B2A2AEB5D66009AF8A2 /* ProfileView.swift */ = {isa = PBXFileReference; lastKnownFileType = sourcecode.swift; path = ProfileView.swift; sourceTree = "<group>"; };
		56AF0B2C2AEB5DEB009AF8A2 /* PassivityView.swift */ = {isa = PBXFileReference; lastKnownFileType = sourcecode.swift; path = PassivityView.swift; sourceTree = "<group>"; };
		56AF0B2E2AEB5E8F009AF8A2 /* TabbedItems.swift */ = {isa = PBXFileReference; lastKnownFileType = sourcecode.swift; path = TabbedItems.swift; sourceTree = "<group>"; };
		56AF0B302AEB5F16009AF8A2 /* MainView.swift */ = {isa = PBXFileReference; lastKnownFileType = sourcecode.swift; path = MainView.swift; sourceTree = "<group>"; };
		56AF0B342AEB763E009AF8A2 /* WodInterModel.swift */ = {isa = PBXFileReference; lastKnownFileType = sourcecode.swift; path = WodInterModel.swift; sourceTree = "<group>"; };
		56AF0B3E2AEB9B94009AF8A2 /* WodInterViewModel.swift */ = {isa = PBXFileReference; lastKnownFileType = sourcecode.swift; path = WodInterViewModel.swift; sourceTree = "<group>"; };
		56AF0B402AEB9C33009AF8A2 /* StopWatchViewModel.swift */ = {isa = PBXFileReference; lastKnownFileType = sourcecode.swift; path = StopWatchViewModel.swift; sourceTree = "<group>"; };
		56AF0B442AEBA5AA009AF8A2 /* InputModel.swift */ = {isa = PBXFileReference; lastKnownFileType = sourcecode.swift; path = InputModel.swift; sourceTree = "<group>"; };
		56AF0B4C2AED4719009AF8A2 /* SimpleModel.swift */ = {isa = PBXFileReference; lastKnownFileType = sourcecode.swift; path = SimpleModel.swift; sourceTree = "<group>"; };
/* End PBXFileReference section */

/* Begin PBXFrameworksBuildPhase section */
		56AF0AD22AE892B5009AF8A2 /* Frameworks */ = {
			isa = PBXFrameworksBuildPhase;
			buildActionMask = 2147483647;
			files = (
			);
			runOnlyForDeploymentPostprocessing = 0;
		};
/* End PBXFrameworksBuildPhase section */

/* Begin PBXGroup section */
		56A998812AF67C7A000D5C99 /* StopWatch */ = {
			isa = PBXGroup;
			children = (
				56AF0AF32AEA05EB009AF8A2 /* StopWatchModel.swift */,
				56AF0AFD2AEA4294009AF8A2 /* StopWatchView.swift */,
				56AF0B402AEB9C33009AF8A2 /* StopWatchViewModel.swift */,
			);
			path = StopWatch;
			sourceTree = "<group>";
		};
		56A998822AF67D27000D5C99 /* Wod */ = {
			isa = PBXGroup;
			children = (
				56AF0B3E2AEB9B94009AF8A2 /* WodInterViewModel.swift */,
			);
			path = Wod;
			sourceTree = "<group>";
		};
		56AF0ACC2AE892B5009AF8A2 = {
			isa = PBXGroup;
			children = (
				56AF0AD72AE892B5009AF8A2 /* Timer */,
				56AF0AD62AE892B5009AF8A2 /* Products */,
			);
			sourceTree = "<group>";
		};
		56AF0AD62AE892B5009AF8A2 /* Products */ = {
			isa = PBXGroup;
			children = (
				56AF0AD52AE892B5009AF8A2 /* Timer.app */,
			);
			name = Products;
			sourceTree = "<group>";
		};
		56AF0AD72AE892B5009AF8A2 /* Timer */ = {
			isa = PBXGroup;
			children = (
				56AF0AE62AE89A29009AF8A2 /* Info.plist */,
				56AF0AD82AE892B5009AF8A2 /* TimerApp.swift */,
				56AF0ADA2AE892B5009AF8A2 /* ContentView.swift */,
				56AF0ADC2AE892B8009AF8A2 /* Assets.xcassets */,
				56AF0AF72AEA354F009AF8A2 /* Common */,
				56A998822AF67D27000D5C99 /* Wod */,
				56A998812AF67C7A000D5C99 /* StopWatch */,
				56AF0B462AED32BB009AF8A2 /* Model */,
				56AF0B472AED330C009AF8A2 /* View */,
				56AF0B482AED3314009AF8A2 /* ViewModel */,
				56AF0ADE2AE892B8009AF8A2 /* Preview Content */,
			);
			path = Timer;
			sourceTree = "<group>";
		};
		56AF0ADE2AE892B8009AF8A2 /* Preview Content */ = {
			isa = PBXGroup;
			children = (
				56AF0ADF2AE892B8009AF8A2 /* Preview Assets.xcassets */,
			);
			path = "Preview Content";
			sourceTree = "<group>";
		};
		56AF0AF72AEA354F009AF8A2 /* Common */ = {
			isa = PBXGroup;
			children = (
				56AF0B242AEB5B44009AF8A2 /* Dommy */,
				56AF0AF82AEA35B5009AF8A2 /* BTN */,
				56AF0B2E2AEB5E8F009AF8A2 /* TabbedItems.swift */,
				56AF0B302AEB5F16009AF8A2 /* MainView.swift */,
				56AF0AF12AE9F4B3009AF8A2 /* RealTimeView.swift */,
			);
			path = Common;
			sourceTree = "<group>";
		};
		56AF0AF82AEA35B5009AF8A2 /* BTN */ = {
			isa = PBXGroup;
			children = (
				56AF0AF92AEA35CE009AF8A2 /* CommonButton.swift */,
				56AF0AFB2AEA3E95009AF8A2 /* PlayButton.swift */,
				56AF0AFF2AEA4955009AF8A2 /* RecordButton.swift */,
			);
			path = BTN;
			sourceTree = "<group>";
		};
		56AF0B242AEB5B44009AF8A2 /* Dommy */ = {
			isa = PBXGroup;
			children = (
				56AF0AE72AE89B51009AF8A2 /* Movements.swift */,
				56AF0AED2AE8D198009AF8A2 /* WodView.swift */,
				56AF0AEB2AE8B08B009AF8A2 /* TmpTimeView.swift */,
				56AF0AE92AE8A867009AF8A2 /* MovementsViewModel.swift */,
				56AF0B252AEB5B72009AF8A2 /* TimerNaviView.swift */,
				56A998832AF68D88000D5C99 /* TimeSettingInput.swift */,
				56AF0AEF2AE9606F009AF8A2 /* TimeSettingView.swift */,
				56A9987D2AF6730E000D5C99 /* TimeSettingTextField.swift */,
				56A9987F2AF6799A000D5C99 /* TimeSettingPicker.swift */,
			);
			path = Dommy;
			sourceTree = "<group>";
		};
		56AF0B322AEB74CE009AF8A2 /* GeneralTimer */ = {
			isa = PBXGroup;
			children = (
			);
			path = GeneralTimer;
			sourceTree = "<group>";
		};
		56AF0B332AEB761A009AF8A2 /* WodInter */ = {
			isa = PBXGroup;
			children = (
				56AF0B282AEB5CEA009AF8A2 /* WodInterView.swift */,
			);
			path = WodInter;
			sourceTree = "<group>";
		};
		56AF0B462AED32BB009AF8A2 /* Model */ = {
			isa = PBXGroup;
			children = (
				56AF0B442AEBA5AA009AF8A2 /* InputModel.swift */,
				56AF0B4C2AED4719009AF8A2 /* SimpleModel.swift */,
				56AF0B342AEB763E009AF8A2 /* WodInterModel.swift */,
			);
			path = Model;
			sourceTree = "<group>";
		};
		56AF0B472AED330C009AF8A2 /* View */ = {
			isa = PBXGroup;
			children = (
				56AF0B2A2AEB5D66009AF8A2 /* ProfileView.swift */,
				56AF0B2C2AEB5DEB009AF8A2 /* PassivityView.swift */,
				56AF0B322AEB74CE009AF8A2 /* GeneralTimer */,
				56AF0B332AEB761A009AF8A2 /* WodInter */,
			);
			path = View;
			sourceTree = "<group>";
		};
		56AF0B482AED3314009AF8A2 /* ViewModel */ = {
			isa = PBXGroup;
			children = (
			);
			path = ViewModel;
			sourceTree = "<group>";
		};
/* End PBXGroup section */

/* Begin PBXNativeTarget section */
		56AF0AD42AE892B5009AF8A2 /* Timer */ = {
			isa = PBXNativeTarget;
			buildConfigurationList = 56AF0AE32AE892B8009AF8A2 /* Build configuration list for PBXNativeTarget "Timer" */;
			buildPhases = (
				56AF0AD12AE892B5009AF8A2 /* Sources */,
				56AF0AD22AE892B5009AF8A2 /* Frameworks */,
				56AF0AD32AE892B5009AF8A2 /* Resources */,
			);
			buildRules = (
			);
			dependencies = (
			);
			name = Timer;
			productName = Timer;
			productReference = 56AF0AD52AE892B5009AF8A2 /* Timer.app */;
			productType = "com.apple.product-type.application";
		};
/* End PBXNativeTarget section */

/* Begin PBXProject section */
		56AF0ACD2AE892B5009AF8A2 /* Project object */ = {
			isa = PBXProject;
			attributes = {
				BuildIndependentTargetsInParallel = 1;
				LastSwiftUpdateCheck = 1500;
				LastUpgradeCheck = 1500;
				TargetAttributes = {
					56AF0AD42AE892B5009AF8A2 = {
						CreatedOnToolsVersion = 15.0;
					};
				};
			};
			buildConfigurationList = 56AF0AD02AE892B5009AF8A2 /* Build configuration list for PBXProject "Timer" */;
			compatibilityVersion = "Xcode 14.0";
			developmentRegion = en;
			hasScannedForEncodings = 0;
			knownRegions = (
				en,
				Base,
			);
			mainGroup = 56AF0ACC2AE892B5009AF8A2;
			productRefGroup = 56AF0AD62AE892B5009AF8A2 /* Products */;
			projectDirPath = "";
			projectRoot = "";
			targets = (
				56AF0AD42AE892B5009AF8A2 /* Timer */,
			);
		};
/* End PBXProject section */

/* Begin PBXResourcesBuildPhase section */
		56AF0AD32AE892B5009AF8A2 /* Resources */ = {
			isa = PBXResourcesBuildPhase;
			buildActionMask = 2147483647;
			files = (
				56AF0AE02AE892B8009AF8A2 /* Preview Assets.xcassets in Resources */,
				56AF0ADD2AE892B8009AF8A2 /* Assets.xcassets in Resources */,
			);
			runOnlyForDeploymentPostprocessing = 0;
		};
/* End PBXResourcesBuildPhase section */

/* Begin PBXSourcesBuildPhase section */
		56AF0AD12AE892B5009AF8A2 /* Sources */ = {
			isa = PBXSourcesBuildPhase;
			buildActionMask = 2147483647;
			files = (
				56AF0AFA2AEA35CE009AF8A2 /* CommonButton.swift in Sources */,
				56A998842AF68D88000D5C99 /* TimeSettingInput.swift in Sources */,
				56AF0B452AEBA5AA009AF8A2 /* InputModel.swift in Sources */,
				56AF0AF42AEA05EB009AF8A2 /* StopWatchModel.swift in Sources */,
				56AF0ADB2AE892B5009AF8A2 /* ContentView.swift in Sources */,
				56AF0B292AEB5CEA009AF8A2 /* WodInterView.swift in Sources */,
				56A9987E2AF6730E000D5C99 /* TimeSettingTextField.swift in Sources */,
				56AF0B412AEB9C33009AF8A2 /* StopWatchViewModel.swift in Sources */,
				56AF0B4D2AED4719009AF8A2 /* SimpleModel.swift in Sources */,
				56AF0B262AEB5B72009AF8A2 /* TimerNaviView.swift in Sources */,
				56AF0B352AEB763E009AF8A2 /* WodInterModel.swift in Sources */,
				56AF0AEE2AE8D198009AF8A2 /* WodView.swift in Sources */,
				56AF0AFE2AEA4294009AF8A2 /* StopWatchView.swift in Sources */,
				56AF0AFC2AEA3E95009AF8A2 /* PlayButton.swift in Sources */,
				56AF0AEA2AE8A867009AF8A2 /* MovementsViewModel.swift in Sources */,
				56AF0AE82AE89B51009AF8A2 /* Movements.swift in Sources */,
				56AF0AD92AE892B5009AF8A2 /* TimerApp.swift in Sources */,
				56A998802AF6799A000D5C99 /* TimeSettingPicker.swift in Sources */,
				56AF0B002AEA4955009AF8A2 /* RecordButton.swift in Sources */,
				56AF0B312AEB5F16009AF8A2 /* MainView.swift in Sources */,
				56AF0AF22AE9F4B3009AF8A2 /* RealTimeView.swift in Sources */,
				56AF0AF02AE9606F009AF8A2 /* TimeSettingView.swift in Sources */,
				56AF0B2D2AEB5DEB009AF8A2 /* PassivityView.swift in Sources */,
				56AF0B3F2AEB9B94009AF8A2 /* WodInterViewModel.swift in Sources */,
				56AF0B2B2AEB5D66009AF8A2 /* ProfileView.swift in Sources */,
				56AF0AEC2AE8B08B009AF8A2 /* TmpTimeView.swift in Sources */,
				56AF0B2F2AEB5E8F009AF8A2 /* TabbedItems.swift in Sources */,
			);
			runOnlyForDeploymentPostprocessing = 0;
		};
/* End PBXSourcesBuildPhase section */

/* Begin XCBuildConfiguration section */
		56AF0AE12AE892B8009AF8A2 /* Debug */ = {
			isa = XCBuildConfiguration;
			buildSettings = {
				ALWAYS_SEARCH_USER_PATHS = NO;
				ASSETCATALOG_COMPILER_GENERATE_SWIFT_ASSET_SYMBOL_EXTENSIONS = YES;
				CLANG_ANALYZER_NONNULL = YES;
				CLANG_ANALYZER_NUMBER_OBJECT_CONVERSION = YES_AGGRESSIVE;
				CLANG_CXX_LANGUAGE_STANDARD = "gnu++20";
				CLANG_ENABLE_MODULES = YES;
				CLANG_ENABLE_OBJC_ARC = YES;
				CLANG_ENABLE_OBJC_WEAK = YES;
				CLANG_WARN_BLOCK_CAPTURE_AUTORELEASING = YES;
				CLANG_WARN_BOOL_CONVERSION = YES;
				CLANG_WARN_COMMA = YES;
				CLANG_WARN_CONSTANT_CONVERSION = YES;
				CLANG_WARN_DEPRECATED_OBJC_IMPLEMENTATIONS = YES;
				CLANG_WARN_DIRECT_OBJC_ISA_USAGE = YES_ERROR;
				CLANG_WARN_DOCUMENTATION_COMMENTS = YES;
				CLANG_WARN_EMPTY_BODY = YES;
				CLANG_WARN_ENUM_CONVERSION = YES;
				CLANG_WARN_INFINITE_RECURSION = YES;
				CLANG_WARN_INT_CONVERSION = YES;
				CLANG_WARN_NON_LITERAL_NULL_CONVERSION = YES;
				CLANG_WARN_OBJC_IMPLICIT_RETAIN_SELF = YES;
				CLANG_WARN_OBJC_LITERAL_CONVERSION = YES;
				CLANG_WARN_OBJC_ROOT_CLASS = YES_ERROR;
				CLANG_WARN_QUOTED_INCLUDE_IN_FRAMEWORK_HEADER = YES;
				CLANG_WARN_RANGE_LOOP_ANALYSIS = YES;
				CLANG_WARN_STRICT_PROTOTYPES = YES;
				CLANG_WARN_SUSPICIOUS_MOVE = YES;
				CLANG_WARN_UNGUARDED_AVAILABILITY = YES_AGGRESSIVE;
				CLANG_WARN_UNREACHABLE_CODE = YES;
				CLANG_WARN__DUPLICATE_METHOD_MATCH = YES;
				COPY_PHASE_STRIP = NO;
				DEBUG_INFORMATION_FORMAT = dwarf;
				ENABLE_STRICT_OBJC_MSGSEND = YES;
				ENABLE_TESTABILITY = YES;
				ENABLE_USER_SCRIPT_SANDBOXING = YES;
				GCC_C_LANGUAGE_STANDARD = gnu17;
				GCC_DYNAMIC_NO_PIC = NO;
				GCC_NO_COMMON_BLOCKS = YES;
				GCC_OPTIMIZATION_LEVEL = 0;
				GCC_PREPROCESSOR_DEFINITIONS = (
					"DEBUG=1",
					"$(inherited)",
				);
				GCC_WARN_64_TO_32_BIT_CONVERSION = YES;
				GCC_WARN_ABOUT_RETURN_TYPE = YES_ERROR;
				GCC_WARN_UNDECLARED_SELECTOR = YES;
				GCC_WARN_UNINITIALIZED_AUTOS = YES_AGGRESSIVE;
				GCC_WARN_UNUSED_FUNCTION = YES;
				GCC_WARN_UNUSED_VARIABLE = YES;
				IPHONEOS_DEPLOYMENT_TARGET = 15.0;
				LOCALIZATION_PREFERS_STRING_CATALOGS = YES;
				MTL_ENABLE_DEBUG_INFO = INCLUDE_SOURCE;
				MTL_FAST_MATH = YES;
				ONLY_ACTIVE_ARCH = YES;
				SDKROOT = iphoneos;
				SWIFT_ACTIVE_COMPILATION_CONDITIONS = "DEBUG $(inherited)";
				SWIFT_OPTIMIZATION_LEVEL = "-Onone";
			};
			name = Debug;
		};
		56AF0AE22AE892B8009AF8A2 /* Release */ = {
			isa = XCBuildConfiguration;
			buildSettings = {
				ALWAYS_SEARCH_USER_PATHS = NO;
				ASSETCATALOG_COMPILER_GENERATE_SWIFT_ASSET_SYMBOL_EXTENSIONS = YES;
				CLANG_ANALYZER_NONNULL = YES;
				CLANG_ANALYZER_NUMBER_OBJECT_CONVERSION = YES_AGGRESSIVE;
				CLANG_CXX_LANGUAGE_STANDARD = "gnu++20";
				CLANG_ENABLE_MODULES = YES;
				CLANG_ENABLE_OBJC_ARC = YES;
				CLANG_ENABLE_OBJC_WEAK = YES;
				CLANG_WARN_BLOCK_CAPTURE_AUTORELEASING = YES;
				CLANG_WARN_BOOL_CONVERSION = YES;
				CLANG_WARN_COMMA = YES;
				CLANG_WARN_CONSTANT_CONVERSION = YES;
				CLANG_WARN_DEPRECATED_OBJC_IMPLEMENTATIONS = YES;
				CLANG_WARN_DIRECT_OBJC_ISA_USAGE = YES_ERROR;
				CLANG_WARN_DOCUMENTATION_COMMENTS = YES;
				CLANG_WARN_EMPTY_BODY = YES;
				CLANG_WARN_ENUM_CONVERSION = YES;
				CLANG_WARN_INFINITE_RECURSION = YES;
				CLANG_WARN_INT_CONVERSION = YES;
				CLANG_WARN_NON_LITERAL_NULL_CONVERSION = YES;
				CLANG_WARN_OBJC_IMPLICIT_RETAIN_SELF = YES;
				CLANG_WARN_OBJC_LITERAL_CONVERSION = YES;
				CLANG_WARN_OBJC_ROOT_CLASS = YES_ERROR;
				CLANG_WARN_QUOTED_INCLUDE_IN_FRAMEWORK_HEADER = YES;
				CLANG_WARN_RANGE_LOOP_ANALYSIS = YES;
				CLANG_WARN_STRICT_PROTOTYPES = YES;
				CLANG_WARN_SUSPICIOUS_MOVE = YES;
				CLANG_WARN_UNGUARDED_AVAILABILITY = YES_AGGRESSIVE;
				CLANG_WARN_UNREACHABLE_CODE = YES;
				CLANG_WARN__DUPLICATE_METHOD_MATCH = YES;
				COPY_PHASE_STRIP = NO;
				DEBUG_INFORMATION_FORMAT = "dwarf-with-dsym";
				ENABLE_NS_ASSERTIONS = NO;
				ENABLE_STRICT_OBJC_MSGSEND = YES;
				ENABLE_USER_SCRIPT_SANDBOXING = YES;
				GCC_C_LANGUAGE_STANDARD = gnu17;
				GCC_NO_COMMON_BLOCKS = YES;
				GCC_WARN_64_TO_32_BIT_CONVERSION = YES;
				GCC_WARN_ABOUT_RETURN_TYPE = YES_ERROR;
				GCC_WARN_UNDECLARED_SELECTOR = YES;
				GCC_WARN_UNINITIALIZED_AUTOS = YES_AGGRESSIVE;
				GCC_WARN_UNUSED_FUNCTION = YES;
				GCC_WARN_UNUSED_VARIABLE = YES;
				IPHONEOS_DEPLOYMENT_TARGET = 15.0;
				LOCALIZATION_PREFERS_STRING_CATALOGS = YES;
				MTL_ENABLE_DEBUG_INFO = NO;
				MTL_FAST_MATH = YES;
				SDKROOT = iphoneos;
				SWIFT_COMPILATION_MODE = wholemodule;
				VALIDATE_PRODUCT = YES;
			};
			name = Release;
		};
		56AF0AE42AE892B8009AF8A2 /* Debug */ = {
			isa = XCBuildConfiguration;
			buildSettings = {
				ASSETCATALOG_COMPILER_APPICON_NAME = AppIcon;
				ASSETCATALOG_COMPILER_GLOBAL_ACCENT_COLOR_NAME = AccentColor;
				CODE_SIGN_STYLE = Automatic;
				CURRENT_PROJECT_VERSION = 1;
				DEVELOPMENT_ASSET_PATHS = "\"Timer/Preview Content\"";
				DEVELOPMENT_TEAM = 8T9KYF6LUJ;
				ENABLE_PREVIEWS = YES;
				GENERATE_INFOPLIST_FILE = YES;
				INFOPLIST_FILE = Timer/Info.plist;
				INFOPLIST_KEY_UIApplicationSceneManifest_Generation = YES;
				INFOPLIST_KEY_UIApplicationSupportsIndirectInputEvents = YES;
				INFOPLIST_KEY_UILaunchScreen_Generation = YES;
				INFOPLIST_KEY_UISupportedInterfaceOrientations_iPad = "UIInterfaceOrientationPortrait UIInterfaceOrientationPortraitUpsideDown UIInterfaceOrientationLandscapeLeft UIInterfaceOrientationLandscapeRight";
				INFOPLIST_KEY_UISupportedInterfaceOrientations_iPhone = "UIInterfaceOrientationPortrait UIInterfaceOrientationLandscapeLeft UIInterfaceOrientationLandscapeRight";
				IPHONEOS_DEPLOYMENT_TARGET = 15.0;
				LD_RUNPATH_SEARCH_PATHS = (
					"$(inherited)",
					"@executable_path/Frameworks",
				);
				MARKETING_VERSION = 1.0;
				PRODUCT_BUNDLE_IDENTIFIER = com.ios3.Timer;
				PRODUCT_NAME = "$(TARGET_NAME)";
				SWIFT_EMIT_LOC_STRINGS = YES;
				SWIFT_VERSION = 5.0;
				TARGETED_DEVICE_FAMILY = "1,2";
			};
			name = Debug;
		};
		56AF0AE52AE892B8009AF8A2 /* Release */ = {
			isa = XCBuildConfiguration;
			buildSettings = {
				ASSETCATALOG_COMPILER_APPICON_NAME = AppIcon;
				ASSETCATALOG_COMPILER_GLOBAL_ACCENT_COLOR_NAME = AccentColor;
				CODE_SIGN_STYLE = Automatic;
				CURRENT_PROJECT_VERSION = 1;
				DEVELOPMENT_ASSET_PATHS = "\"Timer/Preview Content\"";
				DEVELOPMENT_TEAM = 8T9KYF6LUJ;
				ENABLE_PREVIEWS = YES;
				GENERATE_INFOPLIST_FILE = YES;
				INFOPLIST_FILE = Timer/Info.plist;
				INFOPLIST_KEY_UIApplicationSceneManifest_Generation = YES;
				INFOPLIST_KEY_UIApplicationSupportsIndirectInputEvents = YES;
				INFOPLIST_KEY_UILaunchScreen_Generation = YES;
				INFOPLIST_KEY_UISupportedInterfaceOrientations_iPad = "UIInterfaceOrientationPortrait UIInterfaceOrientationPortraitUpsideDown UIInterfaceOrientationLandscapeLeft UIInterfaceOrientationLandscapeRight";
				INFOPLIST_KEY_UISupportedInterfaceOrientations_iPhone = "UIInterfaceOrientationPortrait UIInterfaceOrientationLandscapeLeft UIInterfaceOrientationLandscapeRight";
				IPHONEOS_DEPLOYMENT_TARGET = 15.0;
				LD_RUNPATH_SEARCH_PATHS = (
					"$(inherited)",
					"@executable_path/Frameworks",
				);
				MARKETING_VERSION = 1.0;
				PRODUCT_BUNDLE_IDENTIFIER = com.ios3.Timer;
				PRODUCT_NAME = "$(TARGET_NAME)";
				SWIFT_EMIT_LOC_STRINGS = YES;
				SWIFT_VERSION = 5.0;
				TARGETED_DEVICE_FAMILY = "1,2";
			};
			name = Release;
		};
/* End XCBuildConfiguration section */

/* Begin XCConfigurationList section */
		56AF0AD02AE892B5009AF8A2 /* Build configuration list for PBXProject "Timer" */ = {
			isa = XCConfigurationList;
			buildConfigurations = (
				56AF0AE12AE892B8009AF8A2 /* Debug */,
				56AF0AE22AE892B8009AF8A2 /* Release */,
			);
			defaultConfigurationIsVisible = 0;
			defaultConfigurationName = Release;
		};
		56AF0AE32AE892B8009AF8A2 /* Build configuration list for PBXNativeTarget "Timer" */ = {
			isa = XCConfigurationList;
			buildConfigurations = (
				56AF0AE42AE892B8009AF8A2 /* Debug */,
				56AF0AE52AE892B8009AF8A2 /* Release */,
			);
			defaultConfigurationIsVisible = 0;
			defaultConfigurationName = Release;
		};
/* End XCConfigurationList section */
	};
	rootObject = 56AF0ACD2AE892B5009AF8A2 /* Project object */;
}
