// !$*UTF8*$!
{
	archiveVersion = 1;
	classes = {
	};
	objectVersion = 56;
	objects = {

/* Begin PBXBuildFile section */
		BEB60B472AE53C4200D2BDD6 /* WODApp.swift in Sources */ = {isa = PBXBuildFile; fileRef = BEB60B462AE53C4200D2BDD6 /* WODApp.swift */; };
		BEB60B492AE53C4200D2BDD6 /* ContentView.swift in Sources */ = {isa = PBXBuildFile; fileRef = BEB60B482AE53C4200D2BDD6 /* ContentView.swift */; };
		BEB60B4B2AE53C4500D2BDD6 /* Assets.xcassets in Resources */ = {isa = PBXBuildFile; fileRef = BEB60B4A2AE53C4500D2BDD6 /* Assets.xcassets */; };
		BEB60B4E2AE53C4500D2BDD6 /* Preview Assets.xcassets in Resources */ = {isa = PBXBuildFile; fileRef = BEB60B4D2AE53C4500D2BDD6 /* Preview Assets.xcassets */; };
		BEB60B502AE53C4500D2BDD6 /* Persistence.swift in Sources */ = {isa = PBXBuildFile; fileRef = BEB60B4F2AE53C4500D2BDD6 /* Persistence.swift */; };
		BEB60B532AE53C4500D2BDD6 /* WOD.xcdatamodeld in Sources */ = {isa = PBXBuildFile; fileRef = BEB60B512AE53C4500D2BDD6 /* WOD.xcdatamodeld */; };
		BEB60B5D2AE53C4500D2BDD6 /* WODTests.swift in Sources */ = {isa = PBXBuildFile; fileRef = BEB60B5C2AE53C4500D2BDD6 /* WODTests.swift */; };
		BEB60B672AE53C4600D2BDD6 /* WODUITests.swift in Sources */ = {isa = PBXBuildFile; fileRef = BEB60B662AE53C4600D2BDD6 /* WODUITests.swift */; };
		BEB60B692AE53C4600D2BDD6 /* WODUITestsLaunchTests.swift in Sources */ = {isa = PBXBuildFile; fileRef = BEB60B682AE53C4600D2BDD6 /* WODUITestsLaunchTests.swift */; };
		BEB60B762AE556B400D2BDD6 /* TmpView.swift in Sources */ = {isa = PBXBuildFile; fileRef = BEB60B752AE556B400D2BDD6 /* TmpView.swift */; };
		BEB60B782AE556F300D2BDD6 /* TmpViewModel.swift in Sources */ = {isa = PBXBuildFile; fileRef = BEB60B772AE556F300D2BDD6 /* TmpViewModel.swift */; };
/* End PBXBuildFile section */

/* Begin PBXContainerItemProxy section */
		BEB60B592AE53C4500D2BDD6 /* PBXContainerItemProxy */ = {
			isa = PBXContainerItemProxy;
			containerPortal = BEB60B3B2AE53C4200D2BDD6 /* Project object */;
			proxyType = 1;
			remoteGlobalIDString = BEB60B422AE53C4200D2BDD6;
			remoteInfo = WOD;
		};
		BEB60B632AE53C4600D2BDD6 /* PBXContainerItemProxy */ = {
			isa = PBXContainerItemProxy;
			containerPortal = BEB60B3B2AE53C4200D2BDD6 /* Project object */;
			proxyType = 1;
			remoteGlobalIDString = BEB60B422AE53C4200D2BDD6;
			remoteInfo = WOD;
		};
/* End PBXContainerItemProxy section */

/* Begin PBXFileReference section */
		BEB60B432AE53C4200D2BDD6 /* WOD.app */ = {isa = PBXFileReference; explicitFileType = wrapper.application; includeInIndex = 0; path = WOD.app; sourceTree = BUILT_PRODUCTS_DIR; };
		BEB60B462AE53C4200D2BDD6 /* WODApp.swift */ = {isa = PBXFileReference; lastKnownFileType = sourcecode.swift; path = WODApp.swift; sourceTree = "<group>"; };
		BEB60B482AE53C4200D2BDD6 /* ContentView.swift */ = {isa = PBXFileReference; lastKnownFileType = sourcecode.swift; path = ContentView.swift; sourceTree = "<group>"; };
		BEB60B4A2AE53C4500D2BDD6 /* Assets.xcassets */ = {isa = PBXFileReference; lastKnownFileType = folder.assetcatalog; path = Assets.xcassets; sourceTree = "<group>"; };
		BEB60B4D2AE53C4500D2BDD6 /* Preview Assets.xcassets */ = {isa = PBXFileReference; lastKnownFileType = folder.assetcatalog; path = "Preview Assets.xcassets"; sourceTree = "<group>"; };
		BEB60B4F2AE53C4500D2BDD6 /* Persistence.swift */ = {isa = PBXFileReference; lastKnownFileType = sourcecode.swift; path = Persistence.swift; sourceTree = "<group>"; };
		BEB60B522AE53C4500D2BDD6 /* WOD.xcdatamodel */ = {isa = PBXFileReference; lastKnownFileType = wrapper.xcdatamodel; path = WOD.xcdatamodel; sourceTree = "<group>"; };
		BEB60B582AE53C4500D2BDD6 /* WODTests.xctest */ = {isa = PBXFileReference; explicitFileType = wrapper.cfbundle; includeInIndex = 0; path = WODTests.xctest; sourceTree = BUILT_PRODUCTS_DIR; };
		BEB60B5C2AE53C4500D2BDD6 /* WODTests.swift */ = {isa = PBXFileReference; lastKnownFileType = sourcecode.swift; path = WODTests.swift; sourceTree = "<group>"; };
		BEB60B622AE53C4500D2BDD6 /* WODUITests.xctest */ = {isa = PBXFileReference; explicitFileType = wrapper.cfbundle; includeInIndex = 0; path = WODUITests.xctest; sourceTree = BUILT_PRODUCTS_DIR; };
		BEB60B662AE53C4600D2BDD6 /* WODUITests.swift */ = {isa = PBXFileReference; lastKnownFileType = sourcecode.swift; path = WODUITests.swift; sourceTree = "<group>"; };
		BEB60B682AE53C4600D2BDD6 /* WODUITestsLaunchTests.swift */ = {isa = PBXFileReference; lastKnownFileType = sourcecode.swift; path = WODUITestsLaunchTests.swift; sourceTree = "<group>"; };
		BEB60B752AE556B400D2BDD6 /* TmpView.swift */ = {isa = PBXFileReference; lastKnownFileType = sourcecode.swift; path = TmpView.swift; sourceTree = "<group>"; };
		BEB60B772AE556F300D2BDD6 /* TmpViewModel.swift */ = {isa = PBXFileReference; lastKnownFileType = sourcecode.swift; path = TmpViewModel.swift; sourceTree = "<group>"; };
/* End PBXFileReference section */

/* Begin PBXFrameworksBuildPhase section */
		BEB60B402AE53C4200D2BDD6 /* Frameworks */ = {
			isa = PBXFrameworksBuildPhase;
			buildActionMask = 2147483647;
			files = (
			);
			runOnlyForDeploymentPostprocessing = 0;
		};
		BEB60B552AE53C4500D2BDD6 /* Frameworks */ = {
			isa = PBXFrameworksBuildPhase;
			buildActionMask = 2147483647;
			files = (
			);
			runOnlyForDeploymentPostprocessing = 0;
		};
		BEB60B5F2AE53C4500D2BDD6 /* Frameworks */ = {
			isa = PBXFrameworksBuildPhase;
			buildActionMask = 2147483647;
			files = (
			);
			runOnlyForDeploymentPostprocessing = 0;
		};
/* End PBXFrameworksBuildPhase section */

/* Begin PBXGroup section */
		BEB60B3A2AE53C4200D2BDD6 = {
			isa = PBXGroup;
			children = (
				BEB60B452AE53C4200D2BDD6 /* WOD */,
				BEB60B5B2AE53C4500D2BDD6 /* WODTests */,
				BEB60B652AE53C4600D2BDD6 /* WODUITests */,
				BEB60B442AE53C4200D2BDD6 /* Products */,
			);
			sourceTree = "<group>";
		};
		BEB60B442AE53C4200D2BDD6 /* Products */ = {
			isa = PBXGroup;
			children = (
				BEB60B432AE53C4200D2BDD6 /* WOD.app */,
				BEB60B582AE53C4500D2BDD6 /* WODTests.xctest */,
				BEB60B622AE53C4500D2BDD6 /* WODUITests.xctest */,
			);
			name = Products;
			sourceTree = "<group>";
		};
		BEB60B452AE53C4200D2BDD6 /* WOD */ = {
			isa = PBXGroup;
			children = (
				BEB60B462AE53C4200D2BDD6 /* WODApp.swift */,
				BEB60B482AE53C4200D2BDD6 /* ContentView.swift */,
				BEB60B4A2AE53C4500D2BDD6 /* Assets.xcassets */,
				BEB60B4F2AE53C4500D2BDD6 /* Persistence.swift */,
				BEB60B512AE53C4500D2BDD6 /* WOD.xcdatamodeld */,
				BEB60B4C2AE53C4500D2BDD6 /* Preview Content */,
				BEB60B752AE556B400D2BDD6 /* TmpView.swift */,
				BEB60B772AE556F300D2BDD6 /* TmpViewModel.swift */,
			);
			path = WOD;
			sourceTree = "<group>";
		};
		BEB60B4C2AE53C4500D2BDD6 /* Preview Content */ = {
			isa = PBXGroup;
			children = (
				BEB60B4D2AE53C4500D2BDD6 /* Preview Assets.xcassets */,
			);
			path = "Preview Content";
			sourceTree = "<group>";
		};
		BEB60B5B2AE53C4500D2BDD6 /* WODTests */ = {
			isa = PBXGroup;
			children = (
				BEB60B5C2AE53C4500D2BDD6 /* WODTests.swift */,
			);
			path = WODTests;
			sourceTree = "<group>";
		};
		BEB60B652AE53C4600D2BDD6 /* WODUITests */ = {
			isa = PBXGroup;
			children = (
				BEB60B662AE53C4600D2BDD6 /* WODUITests.swift */,
				BEB60B682AE53C4600D2BDD6 /* WODUITestsLaunchTests.swift */,
			);
			path = WODUITests;
			sourceTree = "<group>";
		};
/* End PBXGroup section */

/* Begin PBXNativeTarget section */
		BEB60B422AE53C4200D2BDD6 /* WOD */ = {
			isa = PBXNativeTarget;
			buildConfigurationList = BEB60B6C2AE53C4600D2BDD6 /* Build configuration list for PBXNativeTarget "WOD" */;
			buildPhases = (
				BEB60B3F2AE53C4200D2BDD6 /* Sources */,
				BEB60B402AE53C4200D2BDD6 /* Frameworks */,
				BEB60B412AE53C4200D2BDD6 /* Resources */,
			);
			buildRules = (
			);
			dependencies = (
			);
			name = WOD;
			productName = WOD;
			productReference = BEB60B432AE53C4200D2BDD6 /* WOD.app */;
			productType = "com.apple.product-type.application";
		};
		BEB60B572AE53C4500D2BDD6 /* WODTests */ = {
			isa = PBXNativeTarget;
			buildConfigurationList = BEB60B6F2AE53C4600D2BDD6 /* Build configuration list for PBXNativeTarget "WODTests" */;
			buildPhases = (
				BEB60B542AE53C4500D2BDD6 /* Sources */,
				BEB60B552AE53C4500D2BDD6 /* Frameworks */,
				BEB60B562AE53C4500D2BDD6 /* Resources */,
			);
			buildRules = (
			);
			dependencies = (
				BEB60B5A2AE53C4500D2BDD6 /* PBXTargetDependency */,
			);
			name = WODTests;
			productName = WODTests;
			productReference = BEB60B582AE53C4500D2BDD6 /* WODTests.xctest */;
			productType = "com.apple.product-type.bundle.unit-test";
		};
		BEB60B612AE53C4500D2BDD6 /* WODUITests */ = {
			isa = PBXNativeTarget;
			buildConfigurationList = BEB60B722AE53C4600D2BDD6 /* Build configuration list for PBXNativeTarget "WODUITests" */;
			buildPhases = (
				BEB60B5E2AE53C4500D2BDD6 /* Sources */,
				BEB60B5F2AE53C4500D2BDD6 /* Frameworks */,
				BEB60B602AE53C4500D2BDD6 /* Resources */,
			);
			buildRules = (
			);
			dependencies = (
				BEB60B642AE53C4600D2BDD6 /* PBXTargetDependency */,
			);
			name = WODUITests;
			productName = WODUITests;
			productReference = BEB60B622AE53C4500D2BDD6 /* WODUITests.xctest */;
			productType = "com.apple.product-type.bundle.ui-testing";
		};
/* End PBXNativeTarget section */

/* Begin PBXProject section */
		BEB60B3B2AE53C4200D2BDD6 /* Project object */ = {
			isa = PBXProject;
			attributes = {
				BuildIndependentTargetsInParallel = 1;
				LastSwiftUpdateCheck = 1420;
				LastUpgradeCheck = 1420;
				TargetAttributes = {
					BEB60B422AE53C4200D2BDD6 = {
						CreatedOnToolsVersion = 14.2;
					};
					BEB60B572AE53C4500D2BDD6 = {
						CreatedOnToolsVersion = 14.2;
						TestTargetID = BEB60B422AE53C4200D2BDD6;
					};
					BEB60B612AE53C4500D2BDD6 = {
						CreatedOnToolsVersion = 14.2;
						TestTargetID = BEB60B422AE53C4200D2BDD6;
					};
				};
			};
			buildConfigurationList = BEB60B3E2AE53C4200D2BDD6 /* Build configuration list for PBXProject "WOD" */;
			compatibilityVersion = "Xcode 14.0";
			developmentRegion = en;
			hasScannedForEncodings = 0;
			knownRegions = (
				en,
				Base,
			);
			mainGroup = BEB60B3A2AE53C4200D2BDD6;
			productRefGroup = BEB60B442AE53C4200D2BDD6 /* Products */;
			projectDirPath = "";
			projectRoot = "";
			targets = (
				BEB60B422AE53C4200D2BDD6 /* WOD */,
				BEB60B572AE53C4500D2BDD6 /* WODTests */,
				BEB60B612AE53C4500D2BDD6 /* WODUITests */,
			);
		};
/* End PBXProject section */

/* Begin PBXResourcesBuildPhase section */
		BEB60B412AE53C4200D2BDD6 /* Resources */ = {
			isa = PBXResourcesBuildPhase;
			buildActionMask = 2147483647;
			files = (
				BEB60B4E2AE53C4500D2BDD6 /* Preview Assets.xcassets in Resources */,
				BEB60B4B2AE53C4500D2BDD6 /* Assets.xcassets in Resources */,
			);
			runOnlyForDeploymentPostprocessing = 0;
		};
		BEB60B562AE53C4500D2BDD6 /* Resources */ = {
			isa = PBXResourcesBuildPhase;
			buildActionMask = 2147483647;
			files = (
			);
			runOnlyForDeploymentPostprocessing = 0;
		};
		BEB60B602AE53C4500D2BDD6 /* Resources */ = {
			isa = PBXResourcesBuildPhase;
			buildActionMask = 2147483647;
			files = (
			);
			runOnlyForDeploymentPostprocessing = 0;
		};
/* End PBXResourcesBuildPhase section */

/* Begin PBXSourcesBuildPhase section */
		BEB60B3F2AE53C4200D2BDD6 /* Sources */ = {
			isa = PBXSourcesBuildPhase;
			buildActionMask = 2147483647;
			files = (
				BEB60B762AE556B400D2BDD6 /* TmpView.swift in Sources */,
				BEB60B502AE53C4500D2BDD6 /* Persistence.swift in Sources */,
				BEB60B492AE53C4200D2BDD6 /* ContentView.swift in Sources */,
				BEB60B532AE53C4500D2BDD6 /* WOD.xcdatamodeld in Sources */,
				BEB60B782AE556F300D2BDD6 /* TmpViewModel.swift in Sources */,
				BEB60B472AE53C4200D2BDD6 /* WODApp.swift in Sources */,
			);
			runOnlyForDeploymentPostprocessing = 0;
		};
		BEB60B542AE53C4500D2BDD6 /* Sources */ = {
			isa = PBXSourcesBuildPhase;
			buildActionMask = 2147483647;
			files = (
				BEB60B5D2AE53C4500D2BDD6 /* WODTests.swift in Sources */,
			);
			runOnlyForDeploymentPostprocessing = 0;
		};
		BEB60B5E2AE53C4500D2BDD6 /* Sources */ = {
			isa = PBXSourcesBuildPhase;
			buildActionMask = 2147483647;
			files = (
				BEB60B672AE53C4600D2BDD6 /* WODUITests.swift in Sources */,
				BEB60B692AE53C4600D2BDD6 /* WODUITestsLaunchTests.swift in Sources */,
			);
			runOnlyForDeploymentPostprocessing = 0;
		};
/* End PBXSourcesBuildPhase section */

/* Begin PBXTargetDependency section */
		BEB60B5A2AE53C4500D2BDD6 /* PBXTargetDependency */ = {
			isa = PBXTargetDependency;
			target = BEB60B422AE53C4200D2BDD6 /* WOD */;
			targetProxy = BEB60B592AE53C4500D2BDD6 /* PBXContainerItemProxy */;
		};
		BEB60B642AE53C4600D2BDD6 /* PBXTargetDependency */ = {
			isa = PBXTargetDependency;
			target = BEB60B422AE53C4200D2BDD6 /* WOD */;
			targetProxy = BEB60B632AE53C4600D2BDD6 /* PBXContainerItemProxy */;
		};
/* End PBXTargetDependency section */

/* Begin XCBuildConfiguration section */
		BEB60B6A2AE53C4600D2BDD6 /* Debug */ = {
			isa = XCBuildConfiguration;
			buildSettings = {
				ALWAYS_SEARCH_USER_PATHS = NO;
				CLANG_ANALYZER_NONNULL = YES;
				CLANG_ANALYZER_NUMBER_OBJECT_CONVERSION = YES_AGGRESSIVE;
				CLANG_CXX_LANGUAGE_STANDARD = "gnu++20";
				CLANG_ENABLE_MODULES = YES;
				CLANG_ENABLE_OBJC_ARC = YES;
				CLANG_ENABLE_OBJC_WEAK = YES;
				CLANG_WARN_BLOCK_CAPTURE_AUTORELEASING = YES;
				CLANG_WARN_BOOL_CONVERSION = YES;
				CLANG_WARN_COMMA = YES;
				CLANG_WARN_CONSTANT_CONVERSION = YES;
				CLANG_WARN_DEPRECATED_OBJC_IMPLEMENTATIONS = YES;
				CLANG_WARN_DIRECT_OBJC_ISA_USAGE = YES_ERROR;
				CLANG_WARN_DOCUMENTATION_COMMENTS = YES;
				CLANG_WARN_EMPTY_BODY = YES;
				CLANG_WARN_ENUM_CONVERSION = YES;
				CLANG_WARN_INFINITE_RECURSION = YES;
				CLANG_WARN_INT_CONVERSION = YES;
				CLANG_WARN_NON_LITERAL_NULL_CONVERSION = YES;
				CLANG_WARN_OBJC_IMPLICIT_RETAIN_SELF = YES;
				CLANG_WARN_OBJC_LITERAL_CONVERSION = YES;
				CLANG_WARN_OBJC_ROOT_CLASS = YES_ERROR;
				CLANG_WARN_QUOTED_INCLUDE_IN_FRAMEWORK_HEADER = YES;
				CLANG_WARN_RANGE_LOOP_ANALYSIS = YES;
				CLANG_WARN_STRICT_PROTOTYPES = YES;
				CLANG_WARN_SUSPICIOUS_MOVE = YES;
				CLANG_WARN_UNGUARDED_AVAILABILITY = YES_AGGRESSIVE;
				CLANG_WARN_UNREACHABLE_CODE = YES;
				CLANG_WARN__DUPLICATE_METHOD_MATCH = YES;
				COPY_PHASE_STRIP = NO;
				DEBUG_INFORMATION_FORMAT = dwarf;
				ENABLE_STRICT_OBJC_MSGSEND = YES;
				ENABLE_TESTABILITY = YES;
				GCC_C_LANGUAGE_STANDARD = gnu11;
				GCC_DYNAMIC_NO_PIC = NO;
				GCC_NO_COMMON_BLOCKS = YES;
				GCC_OPTIMIZATION_LEVEL = 0;
				GCC_PREPROCESSOR_DEFINITIONS = (
					"DEBUG=1",
					"$(inherited)",
				);
				GCC_WARN_64_TO_32_BIT_CONVERSION = YES;
				GCC_WARN_ABOUT_RETURN_TYPE = YES_ERROR;
				GCC_WARN_UNDECLARED_SELECTOR = YES;
				GCC_WARN_UNINITIALIZED_AUTOS = YES_AGGRESSIVE;
				GCC_WARN_UNUSED_FUNCTION = YES;
				GCC_WARN_UNUSED_VARIABLE = YES;
				IPHONEOS_DEPLOYMENT_TARGET = 15.0;
				MTL_ENABLE_DEBUG_INFO = INCLUDE_SOURCE;
				MTL_FAST_MATH = YES;
				ONLY_ACTIVE_ARCH = YES;
				SDKROOT = iphoneos;
				SWIFT_ACTIVE_COMPILATION_CONDITIONS = DEBUG;
				SWIFT_OPTIMIZATION_LEVEL = "-Onone";
			};
			name = Debug;
		};
		BEB60B6B2AE53C4600D2BDD6 /* Release */ = {
			isa = XCBuildConfiguration;
			buildSettings = {
				ALWAYS_SEARCH_USER_PATHS = NO;
				CLANG_ANALYZER_NONNULL = YES;
				CLANG_ANALYZER_NUMBER_OBJECT_CONVERSION = YES_AGGRESSIVE;
				CLANG_CXX_LANGUAGE_STANDARD = "gnu++20";
				CLANG_ENABLE_MODULES = YES;
				CLANG_ENABLE_OBJC_ARC = YES;
				CLANG_ENABLE_OBJC_WEAK = YES;
				CLANG_WARN_BLOCK_CAPTURE_AUTORELEASING = YES;
				CLANG_WARN_BOOL_CONVERSION = YES;
				CLANG_WARN_COMMA = YES;
				CLANG_WARN_CONSTANT_CONVERSION = YES;
				CLANG_WARN_DEPRECATED_OBJC_IMPLEMENTATIONS = YES;
				CLANG_WARN_DIRECT_OBJC_ISA_USAGE = YES_ERROR;
				CLANG_WARN_DOCUMENTATION_COMMENTS = YES;
				CLANG_WARN_EMPTY_BODY = YES;
				CLANG_WARN_ENUM_CONVERSION = YES;
				CLANG_WARN_INFINITE_RECURSION = YES;
				CLANG_WARN_INT_CONVERSION = YES;
				CLANG_WARN_NON_LITERAL_NULL_CONVERSION = YES;
				CLANG_WARN_OBJC_IMPLICIT_RETAIN_SELF = YES;
				CLANG_WARN_OBJC_LITERAL_CONVERSION = YES;
				CLANG_WARN_OBJC_ROOT_CLASS = YES_ERROR;
				CLANG_WARN_QUOTED_INCLUDE_IN_FRAMEWORK_HEADER = YES;
				CLANG_WARN_RANGE_LOOP_ANALYSIS = YES;
				CLANG_WARN_STRICT_PROTOTYPES = YES;
				CLANG_WARN_SUSPICIOUS_MOVE = YES;
				CLANG_WARN_UNGUARDED_AVAILABILITY = YES_AGGRESSIVE;
				CLANG_WARN_UNREACHABLE_CODE = YES;
				CLANG_WARN__DUPLICATE_METHOD_MATCH = YES;
				COPY_PHASE_STRIP = NO;
				DEBUG_INFORMATION_FORMAT = "dwarf-with-dsym";
				ENABLE_NS_ASSERTIONS = NO;
				ENABLE_STRICT_OBJC_MSGSEND = YES;
				GCC_C_LANGUAGE_STANDARD = gnu11;
				GCC_NO_COMMON_BLOCKS = YES;
				GCC_WARN_64_TO_32_BIT_CONVERSION = YES;
				GCC_WARN_ABOUT_RETURN_TYPE = YES_ERROR;
				GCC_WARN_UNDECLARED_SELECTOR = YES;
				GCC_WARN_UNINITIALIZED_AUTOS = YES_AGGRESSIVE;
				GCC_WARN_UNUSED_FUNCTION = YES;
				GCC_WARN_UNUSED_VARIABLE = YES;
				IPHONEOS_DEPLOYMENT_TARGET = 15.0;
				MTL_ENABLE_DEBUG_INFO = NO;
				MTL_FAST_MATH = YES;
				SDKROOT = iphoneos;
				SWIFT_COMPILATION_MODE = wholemodule;
				SWIFT_OPTIMIZATION_LEVEL = "-O";
				VALIDATE_PRODUCT = YES;
			};
			name = Release;
		};
		BEB60B6D2AE53C4600D2BDD6 /* Debug */ = {
			isa = XCBuildConfiguration;
			buildSettings = {
				ASSETCATALOG_COMPILER_APPICON_NAME = AppIcon;
				ASSETCATALOG_COMPILER_GLOBAL_ACCENT_COLOR_NAME = AccentColor;
				CODE_SIGN_STYLE = Automatic;
				CURRENT_PROJECT_VERSION = 1;
				DEVELOPMENT_ASSET_PATHS = "\"WOD/Preview Content\"";
				DEVELOPMENT_TEAM = 8T9KYF6LUJ;
				ENABLE_PREVIEWS = YES;
				GENERATE_INFOPLIST_FILE = YES;
				INFOPLIST_FILE = WOD/Info.plist;
				INFOPLIST_KEY_UIApplicationSceneManifest_Generation = YES;
				INFOPLIST_KEY_UIApplicationSupportsIndirectInputEvents = YES;
				INFOPLIST_KEY_UILaunchScreen_Generation = YES;
				INFOPLIST_KEY_UISupportedInterfaceOrientations_iPad = "UIInterfaceOrientationPortrait UIInterfaceOrientationPortraitUpsideDown UIInterfaceOrientationLandscapeLeft UIInterfaceOrientationLandscapeRight";
				INFOPLIST_KEY_UISupportedInterfaceOrientations_iPhone = "UIInterfaceOrientationPortrait UIInterfaceOrientationLandscapeLeft UIInterfaceOrientationLandscapeRight";
				IPHONEOS_DEPLOYMENT_TARGET = 15.0;
				LD_RUNPATH_SEARCH_PATHS = (
					"$(inherited)",
					"@executable_path/Frameworks",
				);
				MARKETING_VERSION = 1.0;
				PRODUCT_BUNDLE_IDENTIFIER = khl.WOD;
				PRODUCT_NAME = "$(TARGET_NAME)";
				SWIFT_EMIT_LOC_STRINGS = YES;
				SWIFT_VERSION = 5.0;
				TARGETED_DEVICE_FAMILY = "1,2";
			};
			name = Debug;
		};
		BEB60B6E2AE53C4600D2BDD6 /* Release */ = {
			isa = XCBuildConfiguration;
			buildSettings = {
				ASSETCATALOG_COMPILER_APPICON_NAME = AppIcon;
				ASSETCATALOG_COMPILER_GLOBAL_ACCENT_COLOR_NAME = AccentColor;
				CODE_SIGN_STYLE = Automatic;
				CURRENT_PROJECT_VERSION = 1;
				DEVELOPMENT_ASSET_PATHS = "\"WOD/Preview Content\"";
				DEVELOPMENT_TEAM = 8T9KYF6LUJ;
				ENABLE_PREVIEWS = YES;
				GENERATE_INFOPLIST_FILE = YES;
				INFOPLIST_FILE = WOD/Info.plist;
				INFOPLIST_KEY_UIApplicationSceneManifest_Generation = YES;
				INFOPLIST_KEY_UIApplicationSupportsIndirectInputEvents = YES;
				INFOPLIST_KEY_UILaunchScreen_Generation = YES;
				INFOPLIST_KEY_UISupportedInterfaceOrientations_iPad = "UIInterfaceOrientationPortrait UIInterfaceOrientationPortraitUpsideDown UIInterfaceOrientationLandscapeLeft UIInterfaceOrientationLandscapeRight";
				INFOPLIST_KEY_UISupportedInterfaceOrientations_iPhone = "UIInterfaceOrientationPortrait UIInterfaceOrientationLandscapeLeft UIInterfaceOrientationLandscapeRight";
				IPHONEOS_DEPLOYMENT_TARGET = 15.0;
				LD_RUNPATH_SEARCH_PATHS = (
					"$(inherited)",
					"@executable_path/Frameworks",
				);
				MARKETING_VERSION = 1.0;
				PRODUCT_BUNDLE_IDENTIFIER = khl.WOD;
				PRODUCT_NAME = "$(TARGET_NAME)";
				SWIFT_EMIT_LOC_STRINGS = YES;
				SWIFT_VERSION = 5.0;
				TARGETED_DEVICE_FAMILY = "1,2";
			};
			name = Release;
		};
		BEB60B702AE53C4600D2BDD6 /* Debug */ = {
			isa = XCBuildConfiguration;
			buildSettings = {
				ALWAYS_EMBED_SWIFT_STANDARD_LIBRARIES = YES;
				BUNDLE_LOADER = "$(TEST_HOST)";
				CODE_SIGN_STYLE = Automatic;
				CURRENT_PROJECT_VERSION = 1;
				DEVELOPMENT_TEAM = 8T9KYF6LUJ;
				GENERATE_INFOPLIST_FILE = YES;
				IPHONEOS_DEPLOYMENT_TARGET = 16.2;
				MARKETING_VERSION = 1.0;
				PRODUCT_BUNDLE_IDENTIFIER = khl.WODTests;
				PRODUCT_NAME = "$(TARGET_NAME)";
				SWIFT_EMIT_LOC_STRINGS = NO;
				SWIFT_VERSION = 5.0;
				TARGETED_DEVICE_FAMILY = "1,2";
				TEST_HOST = "$(BUILT_PRODUCTS_DIR)/WOD.app/$(BUNDLE_EXECUTABLE_FOLDER_PATH)/WOD";
			};
			name = Debug;
		};
		BEB60B712AE53C4600D2BDD6 /* Release */ = {
			isa = XCBuildConfiguration;
			buildSettings = {
				ALWAYS_EMBED_SWIFT_STANDARD_LIBRARIES = YES;
				BUNDLE_LOADER = "$(TEST_HOST)";
				CODE_SIGN_STYLE = Automatic;
				CURRENT_PROJECT_VERSION = 1;
				DEVELOPMENT_TEAM = 8T9KYF6LUJ;
				GENERATE_INFOPLIST_FILE = YES;
				IPHONEOS_DEPLOYMENT_TARGET = 16.2;
				MARKETING_VERSION = 1.0;
				PRODUCT_BUNDLE_IDENTIFIER = khl.WODTests;
				PRODUCT_NAME = "$(TARGET_NAME)";
				SWIFT_EMIT_LOC_STRINGS = NO;
				SWIFT_VERSION = 5.0;
				TARGETED_DEVICE_FAMILY = "1,2";
				TEST_HOST = "$(BUILT_PRODUCTS_DIR)/WOD.app/$(BUNDLE_EXECUTABLE_FOLDER_PATH)/WOD";
			};
			name = Release;
		};
		BEB60B732AE53C4600D2BDD6 /* Debug */ = {
			isa = XCBuildConfiguration;
			buildSettings = {
				ALWAYS_EMBED_SWIFT_STANDARD_LIBRARIES = YES;
				CODE_SIGN_STYLE = Automatic;
				CURRENT_PROJECT_VERSION = 1;
				DEVELOPMENT_TEAM = 8T9KYF6LUJ;
				GENERATE_INFOPLIST_FILE = YES;
				MARKETING_VERSION = 1.0;
				PRODUCT_BUNDLE_IDENTIFIER = khl.WODUITests;
				PRODUCT_NAME = "$(TARGET_NAME)";
				SWIFT_EMIT_LOC_STRINGS = NO;
				SWIFT_VERSION = 5.0;
				TARGETED_DEVICE_FAMILY = "1,2";
				TEST_TARGET_NAME = WOD;
			};
			name = Debug;
		};
		BEB60B742AE53C4600D2BDD6 /* Release */ = {
			isa = XCBuildConfiguration;
			buildSettings = {
				ALWAYS_EMBED_SWIFT_STANDARD_LIBRARIES = YES;
				CODE_SIGN_STYLE = Automatic;
				CURRENT_PROJECT_VERSION = 1;
				DEVELOPMENT_TEAM = 8T9KYF6LUJ;
				GENERATE_INFOPLIST_FILE = YES;
				MARKETING_VERSION = 1.0;
				PRODUCT_BUNDLE_IDENTIFIER = khl.WODUITests;
				PRODUCT_NAME = "$(TARGET_NAME)";
				SWIFT_EMIT_LOC_STRINGS = NO;
				SWIFT_VERSION = 5.0;
				TARGETED_DEVICE_FAMILY = "1,2";
				TEST_TARGET_NAME = WOD;
			};
			name = Release;
		};
/* End XCBuildConfiguration section */

/* Begin XCConfigurationList section */
		BEB60B3E2AE53C4200D2BDD6 /* Build configuration list for PBXProject "WOD" */ = {
			isa = XCConfigurationList;
			buildConfigurations = (
				BEB60B6A2AE53C4600D2BDD6 /* Debug */,
				BEB60B6B2AE53C4600D2BDD6 /* Release */,
			);
			defaultConfigurationIsVisible = 0;
			defaultConfigurationName = Release;
		};
		BEB60B6C2AE53C4600D2BDD6 /* Build configuration list for PBXNativeTarget "WOD" */ = {
			isa = XCConfigurationList;
			buildConfigurations = (
				BEB60B6D2AE53C4600D2BDD6 /* Debug */,
				BEB60B6E2AE53C4600D2BDD6 /* Release */,
			);
			defaultConfigurationIsVisible = 0;
			defaultConfigurationName = Release;
		};
		BEB60B6F2AE53C4600D2BDD6 /* Build configuration list for PBXNativeTarget "WODTests" */ = {
			isa = XCConfigurationList;
			buildConfigurations = (
				BEB60B702AE53C4600D2BDD6 /* Debug */,
				BEB60B712AE53C4600D2BDD6 /* Release */,
			);
			defaultConfigurationIsVisible = 0;
			defaultConfigurationName = Release;
		};
		BEB60B722AE53C4600D2BDD6 /* Build configuration list for PBXNativeTarget "WODUITests" */ = {
			isa = XCConfigurationList;
			buildConfigurations = (
				BEB60B732AE53C4600D2BDD6 /* Debug */,
				BEB60B742AE53C4600D2BDD6 /* Release */,
			);
			defaultConfigurationIsVisible = 0;
			defaultConfigurationName = Release;
		};
/* End XCConfigurationList section */

/* Begin XCVersionGroup section */
		BEB60B512AE53C4500D2BDD6 /* WOD.xcdatamodeld */ = {
			isa = XCVersionGroup;
			children = (
				BEB60B522AE53C4500D2BDD6 /* WOD.xcdatamodel */,
			);
			currentVersion = BEB60B522AE53C4500D2BDD6 /* WOD.xcdatamodel */;
			path = WOD.xcdatamodeld;
			sourceTree = "<group>";
			versionGroupType = wrapper.xcdatamodel;
		};
/* End XCVersionGroup section */
	};
	rootObject = BEB60B3B2AE53C4200D2BDD6 /* Project object */;
}
